// !$*UTF8*$!
{
	archiveVersion = 1;
	classes = {
	};
	objectVersion = 46;
	objects = {

/* Begin PBXBuildFile section */
		2A134CAB1CD5B5F9000B83BD /* AppDelegate.swift in Sources */ = {isa = PBXBuildFile; fileRef = 2A134CAA1CD5B5F9000B83BD /* AppDelegate.swift */; };
		2A134CAD1CD5B5F9000B83BD /* ViewController.swift in Sources */ = {isa = PBXBuildFile; fileRef = 2A134CAC1CD5B5F9000B83BD /* ViewController.swift */; };
		2A134CB01CD5B5F9000B83BD /* Main.storyboard in Resources */ = {isa = PBXBuildFile; fileRef = 2A134CAE1CD5B5F9000B83BD /* Main.storyboard */; };
		2A134CB21CD5B5F9000B83BD /* Assets.xcassets in Resources */ = {isa = PBXBuildFile; fileRef = 2A134CB11CD5B5F9000B83BD /* Assets.xcassets */; };
		2A134CB51CD5B5F9000B83BD /* LaunchScreen.storyboard in Resources */ = {isa = PBXBuildFile; fileRef = 2A134CB31CD5B5F9000B83BD /* LaunchScreen.storyboard */; };
		2A134CC01CD5B5F9000B83BD /* WarTests.swift in Sources */ = {isa = PBXBuildFile; fileRef = 2A134CBF1CD5B5F9000B83BD /* WarTests.swift */; };
		2A134CCB1CD5B5F9000B83BD /* WarUITests.swift in Sources */ = {isa = PBXBuildFile; fileRef = 2A134CCA1CD5B5F9000B83BD /* WarUITests.swift */; };
/* End PBXBuildFile section */

/* Begin PBXContainerItemProxy section */
		2A134CBC1CD5B5F9000B83BD /* PBXContainerItemProxy */ = {
			isa = PBXContainerItemProxy;
			containerPortal = 2A134C9F1CD5B5F9000B83BD /* Project object */;
			proxyType = 1;
			remoteGlobalIDString = 2A134CA61CD5B5F9000B83BD;
			remoteInfo = War;
		};
		2A134CC71CD5B5F9000B83BD /* PBXContainerItemProxy */ = {
			isa = PBXContainerItemProxy;
			containerPortal = 2A134C9F1CD5B5F9000B83BD /* Project object */;
			proxyType = 1;
			remoteGlobalIDString = 2A134CA61CD5B5F9000B83BD;
			remoteInfo = War;
		};
/* End PBXContainerItemProxy section */

/* Begin PBXFileReference section */
		2A134CA71CD5B5F9000B83BD /* War.app */ = {isa = PBXFileReference; explicitFileType = wrapper.application; includeInIndex = 0; path = War.app; sourceTree = BUILT_PRODUCTS_DIR; };
		2A134CAA1CD5B5F9000B83BD /* AppDelegate.swift */ = {isa = PBXFileReference; lastKnownFileType = sourcecode.swift; path = AppDelegate.swift; sourceTree = "<group>"; };
		2A134CAC1CD5B5F9000B83BD /* ViewController.swift */ = {isa = PBXFileReference; lastKnownFileType = sourcecode.swift; path = ViewController.swift; sourceTree = "<group>"; };
		2A134CAF1CD5B5F9000B83BD /* Base */ = {isa = PBXFileReference; lastKnownFileType = file.storyboard; name = Base; path = Base.lproj/Main.storyboard; sourceTree = "<group>"; };
		2A134CB11CD5B5F9000B83BD /* Assets.xcassets */ = {isa = PBXFileReference; lastKnownFileType = folder.assetcatalog; path = Assets.xcassets; sourceTree = "<group>"; };
		2A134CB41CD5B5F9000B83BD /* Base */ = {isa = PBXFileReference; lastKnownFileType = file.storyboard; name = Base; path = Base.lproj/LaunchScreen.storyboard; sourceTree = "<group>"; };
		2A134CB61CD5B5F9000B83BD /* Info.plist */ = {isa = PBXFileReference; lastKnownFileType = text.plist.xml; path = Info.plist; sourceTree = "<group>"; };
		2A134CBB1CD5B5F9000B83BD /* WarTests.xctest */ = {isa = PBXFileReference; explicitFileType = wrapper.cfbundle; includeInIndex = 0; path = WarTests.xctest; sourceTree = BUILT_PRODUCTS_DIR; };
		2A134CBF1CD5B5F9000B83BD /* WarTests.swift */ = {isa = PBXFileReference; lastKnownFileType = sourcecode.swift; path = WarTests.swift; sourceTree = "<group>"; };
		2A134CC11CD5B5F9000B83BD /* Info.plist */ = {isa = PBXFileReference; lastKnownFileType = text.plist.xml; path = Info.plist; sourceTree = "<group>"; };
		2A134CC61CD5B5F9000B83BD /* WarUITests.xctest */ = {isa = PBXFileReference; explicitFileType = wrapper.cfbundle; includeInIndex = 0; path = WarUITests.xctest; sourceTree = BUILT_PRODUCTS_DIR; };
		2A134CCA1CD5B5F9000B83BD /* WarUITests.swift */ = {isa = PBXFileReference; lastKnownFileType = sourcecode.swift; path = WarUITests.swift; sourceTree = "<group>"; };
		2A134CCC1CD5B5F9000B83BD /* Info.plist */ = {isa = PBXFileReference; lastKnownFileType = text.plist.xml; path = Info.plist; sourceTree = "<group>"; };
/* End PBXFileReference section */

/* Begin PBXFrameworksBuildPhase section */
		2A134CA41CD5B5F9000B83BD /* Frameworks */ = {
			isa = PBXFrameworksBuildPhase;
			buildActionMask = 2147483647;
			files = (
			);
			runOnlyForDeploymentPostprocessing = 0;
		};
		2A134CB81CD5B5F9000B83BD /* Frameworks */ = {
			isa = PBXFrameworksBuildPhase;
			buildActionMask = 2147483647;
			files = (
			);
			runOnlyForDeploymentPostprocessing = 0;
		};
		2A134CC31CD5B5F9000B83BD /* Frameworks */ = {
			isa = PBXFrameworksBuildPhase;
			buildActionMask = 2147483647;
			files = (
			);
			runOnlyForDeploymentPostprocessing = 0;
		};
/* End PBXFrameworksBuildPhase section */

/* Begin PBXGroup section */
		2A134C9E1CD5B5F9000B83BD = {
			isa = PBXGroup;
			children = (
				2A134CA91CD5B5F9000B83BD /* War */,
				2A134CBE1CD5B5F9000B83BD /* WarTests */,
				2A134CC91CD5B5F9000B83BD /* WarUITests */,
				2A134CA81CD5B5F9000B83BD /* Products */,
			);
			sourceTree = "<group>";
		};
		2A134CA81CD5B5F9000B83BD /* Products */ = {
			isa = PBXGroup;
			children = (
				2A134CA71CD5B5F9000B83BD /* War.app */,
				2A134CBB1CD5B5F9000B83BD /* WarTests.xctest */,
				2A134CC61CD5B5F9000B83BD /* WarUITests.xctest */,
			);
			name = Products;
			sourceTree = "<group>";
		};
		2A134CA91CD5B5F9000B83BD /* War */ = {
			isa = PBXGroup;
			children = (
				2A134CAA1CD5B5F9000B83BD /* AppDelegate.swift */,
				2A134CAC1CD5B5F9000B83BD /* ViewController.swift */,
				2A134CAE1CD5B5F9000B83BD /* Main.storyboard */,
				2A134CB11CD5B5F9000B83BD /* Assets.xcassets */,
				2A134CB31CD5B5F9000B83BD /* LaunchScreen.storyboard */,
				2A134CB61CD5B5F9000B83BD /* Info.plist */,
			);
			path = War;
			sourceTree = "<group>";
		};
		2A134CBE1CD5B5F9000B83BD /* WarTests */ = {
			isa = PBXGroup;
			children = (
				2A134CBF1CD5B5F9000B83BD /* WarTests.swift */,
				2A134CC11CD5B5F9000B83BD /* Info.plist */,
			);
			path = WarTests;
			sourceTree = "<group>";
		};
		2A134CC91CD5B5F9000B83BD /* WarUITests */ = {
			isa = PBXGroup;
			children = (
				2A134CCA1CD5B5F9000B83BD /* WarUITests.swift */,
				2A134CCC1CD5B5F9000B83BD /* Info.plist */,
			);
			path = WarUITests;
			sourceTree = "<group>";
		};
/* End PBXGroup section */

/* Begin PBXNativeTarget section */
		2A134CA61CD5B5F9000B83BD /* War */ = {
			isa = PBXNativeTarget;
			buildConfigurationList = 2A134CCF1CD5B5F9000B83BD /* Build configuration list for PBXNativeTarget "War" */;
			buildPhases = (
				2A134CA31CD5B5F9000B83BD /* Sources */,
				2A134CA41CD5B5F9000B83BD /* Frameworks */,
				2A134CA51CD5B5F9000B83BD /* Resources */,
			);
			buildRules = (
			);
			dependencies = (
			);
			name = War;
			productName = War;
			productReference = 2A134CA71CD5B5F9000B83BD /* War.app */;
			productType = "com.apple.product-type.application";
		};
		2A134CBA1CD5B5F9000B83BD /* WarTests */ = {
			isa = PBXNativeTarget;
			buildConfigurationList = 2A134CD21CD5B5F9000B83BD /* Build configuration list for PBXNativeTarget "WarTests" */;
			buildPhases = (
				2A134CB71CD5B5F9000B83BD /* Sources */,
				2A134CB81CD5B5F9000B83BD /* Frameworks */,
				2A134CB91CD5B5F9000B83BD /* Resources */,
			);
			buildRules = (
			);
			dependencies = (
				2A134CBD1CD5B5F9000B83BD /* PBXTargetDependency */,
			);
			name = WarTests;
			productName = WarTests;
			productReference = 2A134CBB1CD5B5F9000B83BD /* WarTests.xctest */;
			productType = "com.apple.product-type.bundle.unit-test";
		};
		2A134CC51CD5B5F9000B83BD /* WarUITests */ = {
			isa = PBXNativeTarget;
			buildConfigurationList = 2A134CD51CD5B5F9000B83BD /* Build configuration list for PBXNativeTarget "WarUITests" */;
			buildPhases = (
				2A134CC21CD5B5F9000B83BD /* Sources */,
				2A134CC31CD5B5F9000B83BD /* Frameworks */,
				2A134CC41CD5B5F9000B83BD /* Resources */,
			);
			buildRules = (
			);
			dependencies = (
				2A134CC81CD5B5F9000B83BD /* PBXTargetDependency */,
			);
			name = WarUITests;
			productName = WarUITests;
			productReference = 2A134CC61CD5B5F9000B83BD /* WarUITests.xctest */;
			productType = "com.apple.product-type.bundle.ui-testing";
		};
/* End PBXNativeTarget section */

/* Begin PBXProject section */
		2A134C9F1CD5B5F9000B83BD /* Project object */ = {
			isa = PBXProject;
			attributes = {
				LastSwiftUpdateCheck = 0730;
				LastUpgradeCheck = 0730;
				ORGANIZATIONNAME = "Michael Le";
				TargetAttributes = {
					2A134CA61CD5B5F9000B83BD = {
						CreatedOnToolsVersion = 7.3;
						DevelopmentTeam = F86KC2C3JC;
					};
					2A134CBA1CD5B5F9000B83BD = {
						CreatedOnToolsVersion = 7.3;
						TestTargetID = 2A134CA61CD5B5F9000B83BD;
					};
					2A134CC51CD5B5F9000B83BD = {
						CreatedOnToolsVersion = 7.3;
						TestTargetID = 2A134CA61CD5B5F9000B83BD;
					};
				};
			};
			buildConfigurationList = 2A134CA21CD5B5F9000B83BD /* Build configuration list for PBXProject "War" */;
			compatibilityVersion = "Xcode 3.2";
			developmentRegion = English;
			hasScannedForEncodings = 0;
			knownRegions = (
				en,
				Base,
			);
			mainGroup = 2A134C9E1CD5B5F9000B83BD;
			productRefGroup = 2A134CA81CD5B5F9000B83BD /* Products */;
			projectDirPath = "";
			projectRoot = "";
			targets = (
				2A134CA61CD5B5F9000B83BD /* War */,
				2A134CBA1CD5B5F9000B83BD /* WarTests */,
				2A134CC51CD5B5F9000B83BD /* WarUITests */,
			);
		};
/* End PBXProject section */

/* Begin PBXResourcesBuildPhase section */
		2A134CA51CD5B5F9000B83BD /* Resources */ = {
			isa = PBXResourcesBuildPhase;
			buildActionMask = 2147483647;
			files = (
				2A134CB51CD5B5F9000B83BD /* LaunchScreen.storyboard in Resources */,
				2A134CB21CD5B5F9000B83BD /* Assets.xcassets in Resources */,
				2A134CB01CD5B5F9000B83BD /* Main.storyboard in Resources */,
			);
			runOnlyForDeploymentPostprocessing = 0;
		};
		2A134CB91CD5B5F9000B83BD /* Resources */ = {
			isa = PBXResourcesBuildPhase;
			buildActionMask = 2147483647;
			files = (
			);
			runOnlyForDeploymentPostprocessing = 0;
		};
		2A134CC41CD5B5F9000B83BD /* Resources */ = {
			isa = PBXResourcesBuildPhase;
			buildActionMask = 2147483647;
			files = (
			);
			runOnlyForDeploymentPostprocessing = 0;
		};
/* End PBXResourcesBuildPhase section */

/* Begin PBXSourcesBuildPhase section */
		2A134CA31CD5B5F9000B83BD /* Sources */ = {
			isa = PBXSourcesBuildPhase;
			buildActionMask = 2147483647;
			files = (
				2A134CAD1CD5B5F9000B83BD /* ViewController.swift in Sources */,
				2A134CAB1CD5B5F9000B83BD /* AppDelegate.swift in Sources */,
			);
			runOnlyForDeploymentPostprocessing = 0;
		};
		2A134CB71CD5B5F9000B83BD /* Sources */ = {
			isa = PBXSourcesBuildPhase;
			buildActionMask = 2147483647;
			files = (
				2A134CC01CD5B5F9000B83BD /* WarTests.swift in Sources */,
			);
			runOnlyForDeploymentPostprocessing = 0;
		};
		2A134CC21CD5B5F9000B83BD /* Sources */ = {
			isa = PBXSourcesBuildPhase;
			buildActionMask = 2147483647;
			files = (
				2A134CCB1CD5B5F9000B83BD /* WarUITests.swift in Sources */,
			);
			runOnlyForDeploymentPostprocessing = 0;
		};
/* End PBXSourcesBuildPhase section */

/* Begin PBXTargetDependency section */
		2A134CBD1CD5B5F9000B83BD /* PBXTargetDependency */ = {
			isa = PBXTargetDependency;
			target = 2A134CA61CD5B5F9000B83BD /* War */;
			targetProxy = 2A134CBC1CD5B5F9000B83BD /* PBXContainerItemProxy */;
		};
		2A134CC81CD5B5F9000B83BD /* PBXTargetDependency */ = {
			isa = PBXTargetDependency;
			target = 2A134CA61CD5B5F9000B83BD /* War */;
			targetProxy = 2A134CC71CD5B5F9000B83BD /* PBXContainerItemProxy */;
		};
/* End PBXTargetDependency section */

/* Begin PBXVariantGroup section */
		2A134CAE1CD5B5F9000B83BD /* Main.storyboard */ = {
			isa = PBXVariantGroup;
			children = (
				2A134CAF1CD5B5F9000B83BD /* Base */,
			);
			name = Main.storyboard;
			sourceTree = "<group>";
		};
		2A134CB31CD5B5F9000B83BD /* LaunchScreen.storyboard */ = {
			isa = PBXVariantGroup;
			children = (
				2A134CB41CD5B5F9000B83BD /* Base */,
			);
			name = LaunchScreen.storyboard;
			sourceTree = "<group>";
		};
/* End PBXVariantGroup section */

/* Begin XCBuildConfiguration section */
		2A134CCD1CD5B5F9000B83BD /* Debug */ = {
			isa = XCBuildConfiguration;
			buildSettings = {
				ALWAYS_SEARCH_USER_PATHS = NO;
				CLANG_ANALYZER_NONNULL = YES;
				CLANG_CXX_LANGUAGE_STANDARD = "gnu++0x";
				CLANG_CXX_LIBRARY = "libc++";
				CLANG_ENABLE_MODULES = YES;
				CLANG_ENABLE_OBJC_ARC = YES;
				CLANG_WARN_BOOL_CONVERSION = YES;
				CLANG_WARN_CONSTANT_CONVERSION = YES;
				CLANG_WARN_DIRECT_OBJC_ISA_USAGE = YES_ERROR;
				CLANG_WARN_EMPTY_BODY = YES;
				CLANG_WARN_ENUM_CONVERSION = YES;
				CLANG_WARN_INT_CONVERSION = YES;
				CLANG_WARN_OBJC_ROOT_CLASS = YES_ERROR;
				CLANG_WARN_UNREACHABLE_CODE = YES;
				CLANG_WARN__DUPLICATE_METHOD_MATCH = YES;
				"CODE_SIGN_IDENTITY[sdk=iphoneos*]" = "iPhone Developer";
				COPY_PHASE_STRIP = NO;
				DEBUG_INFORMATION_FORMAT = dwarf;
				ENABLE_STRICT_OBJC_MSGSEND = YES;
				ENABLE_TESTABILITY = YES;
				GCC_C_LANGUAGE_STANDARD = gnu99;
				GCC_DYNAMIC_NO_PIC = NO;
				GCC_NO_COMMON_BLOCKS = YES;
				GCC_OPTIMIZATION_LEVEL = 0;
				GCC_PREPROCESSOR_DEFINITIONS = (
					"DEBUG=1",
					"$(inherited)",
				);
				GCC_WARN_64_TO_32_BIT_CONVERSION = YES;
				GCC_WARN_ABOUT_RETURN_TYPE = YES_ERROR;
				GCC_WARN_UNDECLARED_SELECTOR = YES;
				GCC_WARN_UNINITIALIZED_AUTOS = YES_AGGRESSIVE;
				GCC_WARN_UNUSED_FUNCTION = YES;
				GCC_WARN_UNUSED_VARIABLE = YES;
				IPHONEOS_DEPLOYMENT_TARGET = 9.3;
				MTL_ENABLE_DEBUG_INFO = YES;
				ONLY_ACTIVE_ARCH = YES;
				SDKROOT = iphoneos;
				SWIFT_OPTIMIZATION_LEVEL = "-Onone";
				TARGETED_DEVICE_FAMILY = "1,2";
			};
			name = Debug;
		};
		2A134CCE1CD5B5F9000B83BD /* Release */ = {
			isa = XCBuildConfiguration;
			buildSettings = {
				ALWAYS_SEARCH_USER_PATHS = NO;
				CLANG_ANALYZER_NONNULL = YES;
				CLANG_CXX_LANGUAGE_STANDARD = "gnu++0x";
				CLANG_CXX_LIBRARY = "libc++";
				CLANG_ENABLE_MODULES = YES;
				CLANG_ENABLE_OBJC_ARC = YES;
				CLANG_WARN_BOOL_CONVERSION = YES;
				CLANG_WARN_CONSTANT_CONVERSION = YES;
				CLANG_WARN_DIRECT_OBJC_ISA_USAGE = YES_ERROR;
				CLANG_WARN_EMPTY_BODY = YES;
				CLANG_WARN_ENUM_CONVERSION = YES;
				CLANG_WARN_INT_CONVERSION = YES;
				CLANG_WARN_OBJC_ROOT_CLASS = YES_ERROR;
				CLANG_WARN_UNREACHABLE_CODE = YES;
				CLANG_WARN__DUPLICATE_METHOD_MATCH = YES;
				"CODE_SIGN_IDENTITY[sdk=iphoneos*]" = "iPhone Developer";
				COPY_PHASE_STRIP = NO;
				DEBUG_INFORMATION_FORMAT = "dwarf-with-dsym";
				ENABLE_NS_ASSERTIONS = NO;
				ENABLE_STRICT_OBJC_MSGSEND = YES;
				GCC_C_LANGUAGE_STANDARD = gnu99;
				GCC_NO_COMMON_BLOCKS = YES;
				GCC_WARN_64_TO_32_BIT_CONVERSION = YES;
				GCC_WARN_ABOUT_RETURN_TYPE = YES_ERROR;
				GCC_WARN_UNDECLARED_SELECTOR = YES;
				GCC_WARN_UNINITIALIZED_AUTOS = YES_AGGRESSIVE;
				GCC_WARN_UNUSED_FUNCTION = YES;
				GCC_WARN_UNUSED_VARIABLE = YES;
				IPHONEOS_DEPLOYMENT_TARGET = 9.3;
				MTL_ENABLE_DEBUG_INFO = NO;
				SDKROOT = iphoneos;
				TARGETED_DEVICE_FAMILY = "1,2";
				VALIDATE_PRODUCT = YES;
			};
			name = Release;
		};
		2A134CD01CD5B5F9000B83BD /* Debug */ = {
			isa = XCBuildConfiguration;
			buildSettings = {
				ASSETCATALOG_COMPILER_APPICON_NAME = AppIcon;
				CODE_SIGN_IDENTITY = "iPhone Developer";
				"CODE_SIGN_IDENTITY[sdk=iphoneos*]" = "iPhone Developer";
				INFOPLIST_FILE = War/Info.plist;
				LD_RUNPATH_SEARCH_PATHS = "$(inherited) @executable_path/Frameworks";
				PRODUCT_BUNDLE_IDENTIFIER = test.War;
				PRODUCT_NAME = "$(TARGET_NAME)";
				PROVISIONING_PROFILE = "";
			};
			name = Debug;
		};
		2A134CD11CD5B5F9000B83BD /* Release */ = {
			isa = XCBuildConfiguration;
			buildSettings = {
				ASSETCATALOG_COMPILER_APPICON_NAME = AppIcon;
				CODE_SIGN_IDENTITY = "iPhone Developer";
				"CODE_SIGN_IDENTITY[sdk=iphoneos*]" = "iPhone Developer";
				INFOPLIST_FILE = War/Info.plist;
				LD_RUNPATH_SEARCH_PATHS = "$(inherited) @executable_path/Frameworks";
				PRODUCT_BUNDLE_IDENTIFIER = test.War;
				PRODUCT_NAME = "$(TARGET_NAME)";
				PROVISIONING_PROFILE = "";
			};
			name = Release;
		};
		2A134CD31CD5B5F9000B83BD /* Debug */ = {
			isa = XCBuildConfiguration;
			buildSettings = {
				BUNDLE_LOADER = "$(TEST_HOST)";
				INFOPLIST_FILE = WarTests/Info.plist;
				LD_RUNPATH_SEARCH_PATHS = "$(inherited) @executable_path/Frameworks @loader_path/Frameworks";
				PRODUCT_BUNDLE_IDENTIFIER = test.WarTests;
				PRODUCT_NAME = "$(TARGET_NAME)";
				TEST_HOST = "$(BUILT_PRODUCTS_DIR)/War.app/War";
			};
			name = Debug;
		};
		2A134CD41CD5B5F9000B83BD /* Release */ = {
			isa = XCBuildConfiguration;
			buildSettings = {
				BUNDLE_LOADER = "$(TEST_HOST)";
				INFOPLIST_FILE = WarTests/Info.plist;
				LD_RUNPATH_SEARCH_PATHS = "$(inherited) @executable_path/Frameworks @loader_path/Frameworks";
				PRODUCT_BUNDLE_IDENTIFIER = test.WarTests;
				PRODUCT_NAME = "$(TARGET_NAME)";
				TEST_HOST = "$(BUILT_PRODUCTS_DIR)/War.app/War";
			};
			name = Release;
		};
		2A134CD61CD5B5F9000B83BD /* Debug */ = {
			isa = XCBuildConfiguration;
			buildSettings = {
				INFOPLIST_FILE = WarUITests/Info.plist;
				LD_RUNPATH_SEARCH_PATHS = "$(inherited) @executable_path/Frameworks @loader_path/Frameworks";
				PRODUCT_BUNDLE_IDENTIFIER = test.WarUITests;
				PRODUCT_NAME = "$(TARGET_NAME)";
				TEST_TARGET_NAME = War;
			};
			name = Debug;
		};
		2A134CD71CD5B5F9000B83BD /* Release */ = {
			isa = XCBuildConfiguration;
			buildSettings = {
				INFOPLIST_FILE = WarUITests/Info.plist;
				LD_RUNPATH_SEARCH_PATHS = "$(inherited) @executable_path/Frameworks @loader_path/Frameworks";
				PRODUCT_BUNDLE_IDENTIFIER = test.WarUITests;
				PRODUCT_NAME = "$(TARGET_NAME)";
				TEST_TARGET_NAME = War;
			};
			name = Release;
		};
/* End XCBuildConfiguration section */

/* Begin XCConfigurationList section */
		2A134CA21CD5B5F9000B83BD /* Build configuration list for PBXProject "War" */ = {
			isa = XCConfigurationList;
			buildConfigurations = (
				2A134CCD1CD5B5F9000B83BD /* Debug */,
				2A134CCE1CD5B5F9000B83BD /* Release */,
			);
			defaultConfigurationIsVisible = 0;
			defaultConfigurationName = Release;
		};
		2A134CCF1CD5B5F9000B83BD /* Build configuration list for PBXNativeTarget "War" */ = {
			isa = XCConfigurationList;
			buildConfigurations = (
				2A134CD01CD5B5F9000B83BD /* Debug */,
				2A134CD11CD5B5F9000B83BD /* Release */,
			);
			defaultConfigurationIsVisible = 0;
		};
		2A134CD21CD5B5F9000B83BD /* Build configuration list for PBXNativeTarget "WarTests" */ = {
			isa = XCConfigurationList;
			buildConfigurations = (
				2A134CD31CD5B5F9000B83BD /* Debug */,
				2A134CD41CD5B5F9000B83BD /* Release */,
			);
			defaultConfigurationIsVisible = 0;
		};
		2A134CD51CD5B5F9000B83BD /* Build configuration list for PBXNativeTarget "WarUITests" */ = {
			isa = XCConfigurationList;
			buildConfigurations = (
				2A134CD61CD5B5F9000B83BD /* Debug */,
				2A134CD71CD5B5F9000B83BD /* Release */,
			);
			defaultConfigurationIsVisible = 0;
		};
/* End XCConfigurationList section */
	};
	rootObject = 2A134C9F1CD5B5F9000B83BD /* Project object */;
}
